
Microsoft Visual Studio Solution File, Format Version 12.00
# Visual Studio Version 17
VisualStudioVersion = 17.10.35013.160
MinimumVisualStudioVersion = 10.0.40219.1
Project("{FAE04EC0-301F-11D3-BF4B-00C04F79EFBC}") = "DataBase", "DataBase\DataBase.csproj", "{5811728F-4CFD-4C36-A50F-5340F9670A7F}"
EndProject
Global
	GlobalSection(SolutionConfigurationPlatforms) = preSolution
		Debug|Any CPU = Debug|Any CPU
		Release|Any CPU = Release|Any CPU
	EndGlobalSection
	GlobalSection(ProjectConfigurationPlatforms) = postSolution
		{5811728F-4CFD-4C36-A50F-5340F9670A7F}.Debug|Any CPU.ActiveCfg = Debug|Any CPU
		{5811728F-4CFD-4C36-A50F-5340F9670A7F}.Debug|Any CPU.Build.0 = Debug|Any CPU
		{5811728F-4CFD-4C36-A50F-5340F9670A7F}.Release|Any CPU.ActiveCfg = Release|Any CPU
		{5811728F-4CFD-4C36-A50F-5340F9670A7F}.Release|Any CPU.Build.0 = Release|Any CPU
	EndGlobalSection
	GlobalSection(SolutionProperties) = preSolution
		HideSolutionNode = FALSE
	EndGlobalSection
	GlobalSection(ExtensibilityGlobals) = postSolution
		SolutionGuid = {9225D0FC-189B-4815-B4D7-F4A2BA938AB2}
	EndGlobalSection
EndGlobal
